// !$*UTF8*$!
{
	archiveVersion = 1;
	classes = {
	};
	objectVersion = 56;
	objects = {

/* Begin PBXBuildFile section */
		805614382C51061000FBDFE7 /* GoogleService-Info.plist in Resources */ = {isa = PBXBuildFile; fileRef = 805614372C51061000FBDFE7 /* GoogleService-Info.plist */; };
		8056143B2C513C3500FBDFE7 /* AppleSignInHelper.swift in Sources */ = {isa = PBXBuildFile; fileRef = 8056143A2C513C3500FBDFE7 /* AppleSignInHelper.swift */; };
		806A32B22C4FD36100D5BC71 /* AuthenticationRepository.swift in Sources */ = {isa = PBXBuildFile; fileRef = 806A32B12C4FD36100D5BC71 /* AuthenticationRepository.swift */; };
		8084DBF32C4C13F5006160F9 /* rawggammersApp.swift in Sources */ = {isa = PBXBuildFile; fileRef = 8084DBF22C4C13F5006160F9 /* rawggammersApp.swift */; };
		8084DBF52C4C13F5006160F9 /* ContentView.swift in Sources */ = {isa = PBXBuildFile; fileRef = 8084DBF42C4C13F5006160F9 /* ContentView.swift */; };
		8084DBF72C4C13F7006160F9 /* Assets.xcassets in Resources */ = {isa = PBXBuildFile; fileRef = 8084DBF62C4C13F7006160F9 /* Assets.xcassets */; };
		8084DBFA2C4C13F7006160F9 /* Preview Assets.xcassets in Resources */ = {isa = PBXBuildFile; fileRef = 8084DBF92C4C13F7006160F9 /* Preview Assets.xcassets */; };
		80BC16822C5017FD00533E84 /* RegistrationView.swift in Sources */ = {isa = PBXBuildFile; fileRef = 80BC16812C5017FD00533E84 /* RegistrationView.swift */; };
		80BC16862C501F3300533E84 /* GoogleSignIn in Frameworks */ = {isa = PBXBuildFile; productRef = 80BC16852C501F3300533E84 /* GoogleSignIn */; };
		80BC16882C501F3300533E84 /* GoogleSignInSwift in Frameworks */ = {isa = PBXBuildFile; productRef = 80BC16872C501F3300533E84 /* GoogleSignInSwift */; };
		80BC168D2C50283A00533E84 /* Utilities.swift in Sources */ = {isa = PBXBuildFile; fileRef = 80BC168C2C50283A00533E84 /* Utilities.swift */; };
		80BC16902C507F6500533E84 /* FirebaseAnalytics in Frameworks */ = {isa = PBXBuildFile; productRef = 80BC168F2C507F6500533E84 /* FirebaseAnalytics */; };
		80BC16922C507F6500533E84 /* FirebaseAnalyticsOnDeviceConversion in Frameworks */ = {isa = PBXBuildFile; productRef = 80BC16912C507F6500533E84 /* FirebaseAnalyticsOnDeviceConversion */; };
		80BC16942C507F6500533E84 /* FirebaseAnalyticsSwift in Frameworks */ = {isa = PBXBuildFile; productRef = 80BC16932C507F6500533E84 /* FirebaseAnalyticsSwift */; };
		80BC16962C507F6500533E84 /* FirebaseAnalyticsWithoutAdIdSupport in Frameworks */ = {isa = PBXBuildFile; productRef = 80BC16952C507F6500533E84 /* FirebaseAnalyticsWithoutAdIdSupport */; };
		80BC16982C507F6500533E84 /* FirebaseAppCheck in Frameworks */ = {isa = PBXBuildFile; productRef = 80BC16972C507F6500533E84 /* FirebaseAppCheck */; };
		80BC169A2C507F6500533E84 /* FirebaseAppDistribution-Beta in Frameworks */ = {isa = PBXBuildFile; productRef = 80BC16992C507F6500533E84 /* FirebaseAppDistribution-Beta */; };
		80BC169C2C507F6500533E84 /* FirebaseAuth in Frameworks */ = {isa = PBXBuildFile; productRef = 80BC169B2C507F6500533E84 /* FirebaseAuth */; };
		80BC169E2C507F6500533E84 /* FirebaseAuthCombine-Community in Frameworks */ = {isa = PBXBuildFile; productRef = 80BC169D2C507F6500533E84 /* FirebaseAuthCombine-Community */; };
		80BC16A02C507F6500533E84 /* FirebaseDatabase in Frameworks */ = {isa = PBXBuildFile; productRef = 80BC169F2C507F6500533E84 /* FirebaseDatabase */; };
		80BC16A22C507F6500533E84 /* FirebaseDatabaseSwift in Frameworks */ = {isa = PBXBuildFile; productRef = 80BC16A12C507F6500533E84 /* FirebaseDatabaseSwift */; };
		80BC16A42C507F6500533E84 /* FirebaseDynamicLinks in Frameworks */ = {isa = PBXBuildFile; productRef = 80BC16A32C507F6500533E84 /* FirebaseDynamicLinks */; };
		80BC16A62C507F6500533E84 /* FirebaseFirestore in Frameworks */ = {isa = PBXBuildFile; productRef = 80BC16A52C507F6500533E84 /* FirebaseFirestore */; };
		80BC16A82C507F6500533E84 /* FirebaseFirestoreCombine-Community in Frameworks */ = {isa = PBXBuildFile; productRef = 80BC16A72C507F6500533E84 /* FirebaseFirestoreCombine-Community */; };
		80BC16AA2C507F6500533E84 /* FirebaseStorageCombine-Community in Frameworks */ = {isa = PBXBuildFile; productRef = 80BC16A92C507F6500533E84 /* FirebaseStorageCombine-Community */; };
		80BC16AC2C507F6500533E84 /* FirebaseVertexAI-Preview in Frameworks */ = {isa = PBXBuildFile; productRef = 80BC16AB2C507F6500533E84 /* FirebaseVertexAI-Preview */; };
		80CD42512C4FD44A00CA9416 /* AuthenticationRepositoryImpl.swift in Sources */ = {isa = PBXBuildFile; fileRef = 80CD42502C4FD44A00CA9416 /* AuthenticationRepositoryImpl.swift */; };
		80CD42532C4FD4A000CA9416 /* Authentication_Remote_DS.swift in Sources */ = {isa = PBXBuildFile; fileRef = 80CD42522C4FD4A000CA9416 /* Authentication_Remote_DS.swift */; };
		80CD42572C4FDB0600CA9416 /* AuthenticationViewModel.swift in Sources */ = {isa = PBXBuildFile; fileRef = 80CD42562C4FDB0600CA9416 /* AuthenticationViewModel.swift */; };
		80CD425B2C4FDC7C00CA9416 /* LoginView.swift in Sources */ = {isa = PBXBuildFile; fileRef = 80CD425A2C4FDC7C00CA9416 /* LoginView.swift */; };
/* End PBXBuildFile section */

/* Begin PBXFileReference section */
		805614362C51057500FBDFE7 /* rawggammers.entitlements */ = {isa = PBXFileReference; lastKnownFileType = text.plist.entitlements; path = rawggammers.entitlements; sourceTree = "<group>"; };
		805614372C51061000FBDFE7 /* GoogleService-Info.plist */ = {isa = PBXFileReference; fileEncoding = 4; lastKnownFileType = text.plist.xml; path = "GoogleService-Info.plist"; sourceTree = "<group>"; };
		8056143A2C513C3500FBDFE7 /* AppleSignInHelper.swift */ = {isa = PBXFileReference; lastKnownFileType = sourcecode.swift; path = AppleSignInHelper.swift; sourceTree = "<group>"; };
		806A32B12C4FD36100D5BC71 /* AuthenticationRepository.swift */ = {isa = PBXFileReference; lastKnownFileType = sourcecode.swift; path = AuthenticationRepository.swift; sourceTree = "<group>"; };
		8084DBEF2C4C13F5006160F9 /* rawggammers.app */ = {isa = PBXFileReference; explicitFileType = wrapper.application; includeInIndex = 0; path = rawggammers.app; sourceTree = BUILT_PRODUCTS_DIR; };
		8084DBF22C4C13F5006160F9 /* rawggammersApp.swift */ = {isa = PBXFileReference; lastKnownFileType = sourcecode.swift; path = rawggammersApp.swift; sourceTree = "<group>"; };
		8084DBF42C4C13F5006160F9 /* ContentView.swift */ = {isa = PBXFileReference; lastKnownFileType = sourcecode.swift; path = ContentView.swift; sourceTree = "<group>"; };
		8084DBF62C4C13F7006160F9 /* Assets.xcassets */ = {isa = PBXFileReference; lastKnownFileType = folder.assetcatalog; path = Assets.xcassets; sourceTree = "<group>"; };
		8084DBF92C4C13F7006160F9 /* Preview Assets.xcassets */ = {isa = PBXFileReference; lastKnownFileType = folder.assetcatalog; path = "Preview Assets.xcassets"; sourceTree = "<group>"; };
		80BC16802C50113B00533E84 /* Info.plist */ = {isa = PBXFileReference; lastKnownFileType = text.plist; path = Info.plist; sourceTree = "<group>"; };
		80BC16812C5017FD00533E84 /* RegistrationView.swift */ = {isa = PBXFileReference; lastKnownFileType = sourcecode.swift; path = RegistrationView.swift; sourceTree = "<group>"; };
		80BC168C2C50283A00533E84 /* Utilities.swift */ = {isa = PBXFileReference; lastKnownFileType = sourcecode.swift; path = Utilities.swift; sourceTree = "<group>"; };
		80CD42502C4FD44A00CA9416 /* AuthenticationRepositoryImpl.swift */ = {isa = PBXFileReference; lastKnownFileType = sourcecode.swift; path = AuthenticationRepositoryImpl.swift; sourceTree = "<group>"; };
		80CD42522C4FD4A000CA9416 /* Authentication_Remote_DS.swift */ = {isa = PBXFileReference; lastKnownFileType = sourcecode.swift; path = Authentication_Remote_DS.swift; sourceTree = "<group>"; };
		80CD42562C4FDB0600CA9416 /* AuthenticationViewModel.swift */ = {isa = PBXFileReference; lastKnownFileType = sourcecode.swift; path = AuthenticationViewModel.swift; sourceTree = "<group>"; };
		80CD425A2C4FDC7C00CA9416 /* LoginView.swift */ = {isa = PBXFileReference; lastKnownFileType = sourcecode.swift; path = LoginView.swift; sourceTree = "<group>"; };
/* End PBXFileReference section */

/* Begin PBXFrameworksBuildPhase section */
		8084DBEC2C4C13F5006160F9 /* Frameworks */ = {
			isa = PBXFrameworksBuildPhase;
			buildActionMask = 2147483647;
			files = (
				80BC16A22C507F6500533E84 /* FirebaseDatabaseSwift in Frameworks */,
				80BC16862C501F3300533E84 /* GoogleSignIn in Frameworks */,
				80BC16962C507F6500533E84 /* FirebaseAnalyticsWithoutAdIdSupport in Frameworks */,
				80BC16A82C507F6500533E84 /* FirebaseFirestoreCombine-Community in Frameworks */,
				80BC16882C501F3300533E84 /* GoogleSignInSwift in Frameworks */,
				80BC16902C507F6500533E84 /* FirebaseAnalytics in Frameworks */,
				80BC16AC2C507F6500533E84 /* FirebaseVertexAI-Preview in Frameworks */,
				80BC169C2C507F6500533E84 /* FirebaseAuth in Frameworks */,
				80BC16982C507F6500533E84 /* FirebaseAppCheck in Frameworks */,
				80BC16922C507F6500533E84 /* FirebaseAnalyticsOnDeviceConversion in Frameworks */,
				80BC16942C507F6500533E84 /* FirebaseAnalyticsSwift in Frameworks */,
				80BC16AA2C507F6500533E84 /* FirebaseStorageCombine-Community in Frameworks */,
				80BC16A02C507F6500533E84 /* FirebaseDatabase in Frameworks */,
				80BC169A2C507F6500533E84 /* FirebaseAppDistribution-Beta in Frameworks */,
				80BC169E2C507F6500533E84 /* FirebaseAuthCombine-Community in Frameworks */,
				80BC16A42C507F6500533E84 /* FirebaseDynamicLinks in Frameworks */,
				80BC16A62C507F6500533E84 /* FirebaseFirestore in Frameworks */,
			);
			runOnlyForDeploymentPostprocessing = 0;
		};
/* End PBXFrameworksBuildPhase section */

/* Begin PBXGroup section */
		8053CE562C4D87AD008EB833 /* Entity */ = {
			isa = PBXGroup;
			children = (
			);
			path = Entity;
			sourceTree = "<group>";
		};
		8053CE572C4D87B8008EB833 /* Repository */ = {
			isa = PBXGroup;
			children = (
				806A32B12C4FD36100D5BC71 /* AuthenticationRepository.swift */,
			);
			path = Repository;
			sourceTree = "<group>";
		};
		805614392C512B1900FBDFE7 /* Helper */ = {
			isa = PBXGroup;
			children = (
				8056143A2C513C3500FBDFE7 /* AppleSignInHelper.swift */,
			);
			path = Helper;
			sourceTree = "<group>";
		};
		8084DBE62C4C13F5006160F9 = {
			isa = PBXGroup;
			children = (
				8084DBF12C4C13F5006160F9 /* rawggammers */,
				8084DBF02C4C13F5006160F9 /* Products */,
			);
			sourceTree = "<group>";
		};
		8084DBF02C4C13F5006160F9 /* Products */ = {
			isa = PBXGroup;
			children = (
				8084DBEF2C4C13F5006160F9 /* rawggammers.app */,
			);
			name = Products;
			sourceTree = "<group>";
		};
		8084DBF12C4C13F5006160F9 /* rawggammers */ = {
			isa = PBXGroup;
			children = (
				805614362C51057500FBDFE7 /* rawggammers.entitlements */,
				80BC16802C50113B00533E84 /* Info.plist */,
				809AAE302C4C1876001FD6C2 /* Core */,
				809AAE312C4C1883001FD6C2 /* Feature */,
				8084DBF22C4C13F5006160F9 /* rawggammersApp.swift */,
				8084DBF42C4C13F5006160F9 /* ContentView.swift */,
				805614372C51061000FBDFE7 /* GoogleService-Info.plist */,
				8084DBF62C4C13F7006160F9 /* Assets.xcassets */,
				8084DBF82C4C13F7006160F9 /* Preview Content */,
			);
			path = rawggammers;
			sourceTree = "<group>";
		};
		8084DBF82C4C13F7006160F9 /* Preview Content */ = {
			isa = PBXGroup;
			children = (
				8084DBF92C4C13F7006160F9 /* Preview Assets.xcassets */,
			);
			path = "Preview Content";
			sourceTree = "<group>";
		};
		809AAE302C4C1876001FD6C2 /* Core */ = {
			isa = PBXGroup;
			children = (
				80BC168B2C50281500533E84 /* Utilities */,
				805614392C512B1900FBDFE7 /* Helper */,
			);
			path = Core;
			sourceTree = "<group>";
		};
		809AAE312C4C1883001FD6C2 /* Feature */ = {
			isa = PBXGroup;
			children = (
				809AAE322C4C1958001FD6C2 /* Authentication */,
				809AAE332C4C1961001FD6C2 /* Home */,
				809AAE352C4C1AA9001FD6C2 /* Favorite */,
				809AAE342C4C1968001FD6C2 /* Settings */,
			);
			path = Feature;
			sourceTree = "<group>";
		};
		809AAE322C4C1958001FD6C2 /* Authentication */ = {
			isa = PBXGroup;
			children = (
				809AAE362C4C1C2D001FD6C2 /* Data */,
				809AAE372C4C1C34001FD6C2 /* Domain */,
				809AAE382C4C1C3D001FD6C2 /* Presentation */,
			);
			path = Authentication;
			sourceTree = "<group>";
		};
		809AAE332C4C1961001FD6C2 /* Home */ = {
			isa = PBXGroup;
			children = (
			);
			path = Home;
			sourceTree = "<group>";
		};
		809AAE342C4C1968001FD6C2 /* Settings */ = {
			isa = PBXGroup;
			children = (
			);
			path = Settings;
			sourceTree = "<group>";
		};
		809AAE352C4C1AA9001FD6C2 /* Favorite */ = {
			isa = PBXGroup;
			children = (
			);
			path = Favorite;
			sourceTree = "<group>";
		};
		809AAE362C4C1C2D001FD6C2 /* Data */ = {
			isa = PBXGroup;
			children = (
				80CD424F2C4FD42800CA9416 /* Respository */,
				80CD424E2C4FD41B00CA9416 /* DataSource */,
			);
			path = Data;
			sourceTree = "<group>";
		};
		809AAE372C4C1C34001FD6C2 /* Domain */ = {
			isa = PBXGroup;
			children = (
				8053CE562C4D87AD008EB833 /* Entity */,
				8053CE572C4D87B8008EB833 /* Repository */,
			);
			path = Domain;
			sourceTree = "<group>";
		};
		809AAE382C4C1C3D001FD6C2 /* Presentation */ = {
			isa = PBXGroup;
			children = (
				80CD42552C4FDAE900CA9416 /* View */,
				80CD42542C4FDAE200CA9416 /* ViewModel */,
			);
			path = Presentation;
			sourceTree = "<group>";
		};
		80BC168B2C50281500533E84 /* Utilities */ = {
			isa = PBXGroup;
			children = (
				80BC168C2C50283A00533E84 /* Utilities.swift */,
			);
			path = Utilities;
			sourceTree = "<group>";
		};
		80CD424E2C4FD41B00CA9416 /* DataSource */ = {
			isa = PBXGroup;
			children = (
				80CD42522C4FD4A000CA9416 /* Authentication_Remote_DS.swift */,
			);
			path = DataSource;
			sourceTree = "<group>";
		};
		80CD424F2C4FD42800CA9416 /* Respository */ = {
			isa = PBXGroup;
			children = (
				80CD42502C4FD44A00CA9416 /* AuthenticationRepositoryImpl.swift */,
			);
			path = Respository;
			sourceTree = "<group>";
		};
		80CD42542C4FDAE200CA9416 /* ViewModel */ = {
			isa = PBXGroup;
			children = (
				80CD42562C4FDB0600CA9416 /* AuthenticationViewModel.swift */,
			);
			path = ViewModel;
			sourceTree = "<group>";
		};
		80CD42552C4FDAE900CA9416 /* View */ = {
			isa = PBXGroup;
			children = (
				80CD425A2C4FDC7C00CA9416 /* LoginView.swift */,
				80BC16812C5017FD00533E84 /* RegistrationView.swift */,
			);
			path = View;
			sourceTree = "<group>";
		};
/* End PBXGroup section */

/* Begin PBXNativeTarget section */
		8084DBEE2C4C13F5006160F9 /* rawggammers */ = {
			isa = PBXNativeTarget;
			buildConfigurationList = 8084DBFD2C4C13F7006160F9 /* Build configuration list for PBXNativeTarget "rawggammers" */;
			buildPhases = (
				8084DBEB2C4C13F5006160F9 /* Sources */,
				8084DBEC2C4C13F5006160F9 /* Frameworks */,
				8084DBED2C4C13F5006160F9 /* Resources */,
			);
			buildRules = (
			);
			dependencies = (
			);
			name = rawggammers;
			packageProductDependencies = (
				80BC16852C501F3300533E84 /* GoogleSignIn */,
				80BC16872C501F3300533E84 /* GoogleSignInSwift */,
				80BC168F2C507F6500533E84 /* FirebaseAnalytics */,
				80BC16912C507F6500533E84 /* FirebaseAnalyticsOnDeviceConversion */,
				80BC16932C507F6500533E84 /* FirebaseAnalyticsSwift */,
				80BC16952C507F6500533E84 /* FirebaseAnalyticsWithoutAdIdSupport */,
				80BC16972C507F6500533E84 /* FirebaseAppCheck */,
				80BC16992C507F6500533E84 /* FirebaseAppDistribution-Beta */,
				80BC169B2C507F6500533E84 /* FirebaseAuth */,
				80BC169D2C507F6500533E84 /* FirebaseAuthCombine-Community */,
				80BC169F2C507F6500533E84 /* FirebaseDatabase */,
				80BC16A12C507F6500533E84 /* FirebaseDatabaseSwift */,
				80BC16A32C507F6500533E84 /* FirebaseDynamicLinks */,
				80BC16A52C507F6500533E84 /* FirebaseFirestore */,
				80BC16A72C507F6500533E84 /* FirebaseFirestoreCombine-Community */,
				80BC16A92C507F6500533E84 /* FirebaseStorageCombine-Community */,
				80BC16AB2C507F6500533E84 /* FirebaseVertexAI-Preview */,
			);
			productName = rawggammers;
			productReference = 8084DBEF2C4C13F5006160F9 /* rawggammers.app */;
			productType = "com.apple.product-type.application";
		};
/* End PBXNativeTarget section */

/* Begin PBXProject section */
		8084DBE72C4C13F5006160F9 /* Project object */ = {
			isa = PBXProject;
			attributes = {
				BuildIndependentTargetsInParallel = 1;
				LastSwiftUpdateCheck = 1500;
				LastUpgradeCheck = 1500;
				TargetAttributes = {
					8084DBEE2C4C13F5006160F9 = {
						CreatedOnToolsVersion = 15.0.1;
					};
				};
			};
			buildConfigurationList = 8084DBEA2C4C13F5006160F9 /* Build configuration list for PBXProject "rawggammers" */;
			compatibilityVersion = "Xcode 14.0";
			developmentRegion = en;
			hasScannedForEncodings = 0;
			knownRegions = (
				en,
				Base,
			);
			mainGroup = 8084DBE62C4C13F5006160F9;
			packageReferences = (
				80BC16842C501F3200533E84 /* XCRemoteSwiftPackageReference "GoogleSignIn-iOS" */,
				80BC168E2C507F6500533E84 /* XCRemoteSwiftPackageReference "firebase-ios-sdk" */,
			);
			productRefGroup = 8084DBF02C4C13F5006160F9 /* Products */;
			projectDirPath = "";
			projectRoot = "";
			targets = (
				8084DBEE2C4C13F5006160F9 /* rawggammers */,
			);
		};
/* End PBXProject section */

/* Begin PBXResourcesBuildPhase section */
		8084DBED2C4C13F5006160F9 /* Resources */ = {
			isa = PBXResourcesBuildPhase;
			buildActionMask = 2147483647;
			files = (
				805614382C51061000FBDFE7 /* GoogleService-Info.plist in Resources */,
				8084DBFA2C4C13F7006160F9 /* Preview Assets.xcassets in Resources */,
				8084DBF72C4C13F7006160F9 /* Assets.xcassets in Resources */,
			);
			runOnlyForDeploymentPostprocessing = 0;
		};
/* End PBXResourcesBuildPhase section */

/* Begin PBXSourcesBuildPhase section */
		8084DBEB2C4C13F5006160F9 /* Sources */ = {
			isa = PBXSourcesBuildPhase;
			buildActionMask = 2147483647;
			files = (
				80CD42572C4FDB0600CA9416 /* AuthenticationViewModel.swift in Sources */,
				80CD425B2C4FDC7C00CA9416 /* LoginView.swift in Sources */,
				806A32B22C4FD36100D5BC71 /* AuthenticationRepository.swift in Sources */,
				8084DBF52C4C13F5006160F9 /* ContentView.swift in Sources */,
				80CD42532C4FD4A000CA9416 /* Authentication_Remote_DS.swift in Sources */,
				8084DBF32C4C13F5006160F9 /* rawggammersApp.swift in Sources */,
				80BC168D2C50283A00533E84 /* Utilities.swift in Sources */,
				80CD42512C4FD44A00CA9416 /* AuthenticationRepositoryImpl.swift in Sources */,
				8056143B2C513C3500FBDFE7 /* AppleSignInHelper.swift in Sources */,
				80BC16822C5017FD00533E84 /* RegistrationView.swift in Sources */,
			);
			runOnlyForDeploymentPostprocessing = 0;
		};
/* End PBXSourcesBuildPhase section */

/* Begin XCBuildConfiguration section */
		8084DBFB2C4C13F7006160F9 /* Debug */ = {
			isa = XCBuildConfiguration;
			buildSettings = {
				ALWAYS_SEARCH_USER_PATHS = NO;
				ASSETCATALOG_COMPILER_GENERATE_SWIFT_ASSET_SYMBOL_EXTENSIONS = YES;
				CLANG_ANALYZER_NONNULL = YES;
				CLANG_ANALYZER_NUMBER_OBJECT_CONVERSION = YES_AGGRESSIVE;
				CLANG_CXX_LANGUAGE_STANDARD = "gnu++20";
				CLANG_ENABLE_MODULES = YES;
				CLANG_ENABLE_OBJC_ARC = YES;
				CLANG_ENABLE_OBJC_WEAK = YES;
				CLANG_WARN_BLOCK_CAPTURE_AUTORELEASING = YES;
				CLANG_WARN_BOOL_CONVERSION = YES;
				CLANG_WARN_COMMA = YES;
				CLANG_WARN_CONSTANT_CONVERSION = YES;
				CLANG_WARN_DEPRECATED_OBJC_IMPLEMENTATIONS = YES;
				CLANG_WARN_DIRECT_OBJC_ISA_USAGE = YES_ERROR;
				CLANG_WARN_DOCUMENTATION_COMMENTS = YES;
				CLANG_WARN_EMPTY_BODY = YES;
				CLANG_WARN_ENUM_CONVERSION = YES;
				CLANG_WARN_INFINITE_RECURSION = YES;
				CLANG_WARN_INT_CONVERSION = YES;
				CLANG_WARN_NON_LITERAL_NULL_CONVERSION = YES;
				CLANG_WARN_OBJC_IMPLICIT_RETAIN_SELF = YES;
				CLANG_WARN_OBJC_LITERAL_CONVERSION = YES;
				CLANG_WARN_OBJC_ROOT_CLASS = YES_ERROR;
				CLANG_WARN_QUOTED_INCLUDE_IN_FRAMEWORK_HEADER = YES;
				CLANG_WARN_RANGE_LOOP_ANALYSIS = YES;
				CLANG_WARN_STRICT_PROTOTYPES = YES;
				CLANG_WARN_SUSPICIOUS_MOVE = YES;
				CLANG_WARN_UNGUARDED_AVAILABILITY = YES_AGGRESSIVE;
				CLANG_WARN_UNREACHABLE_CODE = YES;
				CLANG_WARN__DUPLICATE_METHOD_MATCH = YES;
				COPY_PHASE_STRIP = NO;
				DEBUG_INFORMATION_FORMAT = dwarf;
				ENABLE_STRICT_OBJC_MSGSEND = YES;
				ENABLE_TESTABILITY = YES;
				ENABLE_USER_SCRIPT_SANDBOXING = YES;
				GCC_C_LANGUAGE_STANDARD = gnu17;
				GCC_DYNAMIC_NO_PIC = NO;
				GCC_NO_COMMON_BLOCKS = YES;
				GCC_OPTIMIZATION_LEVEL = 0;
				GCC_PREPROCESSOR_DEFINITIONS = (
					"DEBUG=1",
					"$(inherited)",
				);
				GCC_WARN_64_TO_32_BIT_CONVERSION = YES;
				GCC_WARN_ABOUT_RETURN_TYPE = YES_ERROR;
				GCC_WARN_UNDECLARED_SELECTOR = YES;
				GCC_WARN_UNINITIALIZED_AUTOS = YES_AGGRESSIVE;
				GCC_WARN_UNUSED_FUNCTION = YES;
				GCC_WARN_UNUSED_VARIABLE = YES;
				IPHONEOS_DEPLOYMENT_TARGET = 17.0;
				LOCALIZATION_PREFERS_STRING_CATALOGS = YES;
				MTL_ENABLE_DEBUG_INFO = INCLUDE_SOURCE;
				MTL_FAST_MATH = YES;
				ONLY_ACTIVE_ARCH = YES;
				SDKROOT = iphoneos;
				SWIFT_ACTIVE_COMPILATION_CONDITIONS = "DEBUG $(inherited)";
				SWIFT_OPTIMIZATION_LEVEL = "-Onone";
			};
			name = Debug;
		};
		8084DBFC2C4C13F7006160F9 /* Release */ = {
			isa = XCBuildConfiguration;
			buildSettings = {
				ALWAYS_SEARCH_USER_PATHS = NO;
				ASSETCATALOG_COMPILER_GENERATE_SWIFT_ASSET_SYMBOL_EXTENSIONS = YES;
				CLANG_ANALYZER_NONNULL = YES;
				CLANG_ANALYZER_NUMBER_OBJECT_CONVERSION = YES_AGGRESSIVE;
				CLANG_CXX_LANGUAGE_STANDARD = "gnu++20";
				CLANG_ENABLE_MODULES = YES;
				CLANG_ENABLE_OBJC_ARC = YES;
				CLANG_ENABLE_OBJC_WEAK = YES;
				CLANG_WARN_BLOCK_CAPTURE_AUTORELEASING = YES;
				CLANG_WARN_BOOL_CONVERSION = YES;
				CLANG_WARN_COMMA = YES;
				CLANG_WARN_CONSTANT_CONVERSION = YES;
				CLANG_WARN_DEPRECATED_OBJC_IMPLEMENTATIONS = YES;
				CLANG_WARN_DIRECT_OBJC_ISA_USAGE = YES_ERROR;
				CLANG_WARN_DOCUMENTATION_COMMENTS = YES;
				CLANG_WARN_EMPTY_BODY = YES;
				CLANG_WARN_ENUM_CONVERSION = YES;
				CLANG_WARN_INFINITE_RECURSION = YES;
				CLANG_WARN_INT_CONVERSION = YES;
				CLANG_WARN_NON_LITERAL_NULL_CONVERSION = YES;
				CLANG_WARN_OBJC_IMPLICIT_RETAIN_SELF = YES;
				CLANG_WARN_OBJC_LITERAL_CONVERSION = YES;
				CLANG_WARN_OBJC_ROOT_CLASS = YES_ERROR;
				CLANG_WARN_QUOTED_INCLUDE_IN_FRAMEWORK_HEADER = YES;
				CLANG_WARN_RANGE_LOOP_ANALYSIS = YES;
				CLANG_WARN_STRICT_PROTOTYPES = YES;
				CLANG_WARN_SUSPICIOUS_MOVE = YES;
				CLANG_WARN_UNGUARDED_AVAILABILITY = YES_AGGRESSIVE;
				CLANG_WARN_UNREACHABLE_CODE = YES;
				CLANG_WARN__DUPLICATE_METHOD_MATCH = YES;
				COPY_PHASE_STRIP = NO;
				DEBUG_INFORMATION_FORMAT = "dwarf-with-dsym";
				ENABLE_NS_ASSERTIONS = NO;
				ENABLE_STRICT_OBJC_MSGSEND = YES;
				ENABLE_USER_SCRIPT_SANDBOXING = YES;
				GCC_C_LANGUAGE_STANDARD = gnu17;
				GCC_NO_COMMON_BLOCKS = YES;
				GCC_WARN_64_TO_32_BIT_CONVERSION = YES;
				GCC_WARN_ABOUT_RETURN_TYPE = YES_ERROR;
				GCC_WARN_UNDECLARED_SELECTOR = YES;
				GCC_WARN_UNINITIALIZED_AUTOS = YES_AGGRESSIVE;
				GCC_WARN_UNUSED_FUNCTION = YES;
				GCC_WARN_UNUSED_VARIABLE = YES;
				IPHONEOS_DEPLOYMENT_TARGET = 17.0;
				LOCALIZATION_PREFERS_STRING_CATALOGS = YES;
				MTL_ENABLE_DEBUG_INFO = NO;
				MTL_FAST_MATH = YES;
				SDKROOT = iphoneos;
				SWIFT_COMPILATION_MODE = wholemodule;
				VALIDATE_PRODUCT = YES;
			};
			name = Release;
		};
		8084DBFE2C4C13F7006160F9 /* Debug */ = {
			isa = XCBuildConfiguration;
			buildSettings = {
				ASSETCATALOG_COMPILER_APPICON_NAME = AppIcon;
				ASSETCATALOG_COMPILER_GLOBAL_ACCENT_COLOR_NAME = AccentColor;
				CODE_SIGN_ENTITLEMENTS = rawggammers/rawggammers.entitlements;
				CODE_SIGN_STYLE = Automatic;
				CURRENT_PROJECT_VERSION = 1;
				DEVELOPMENT_ASSET_PATHS = "\"rawggammers/Preview Content\"";
				DEVELOPMENT_TEAM = 47S9AJ962P;
				ENABLE_PREVIEWS = YES;
				GENERATE_INFOPLIST_FILE = YES;
				INFOPLIST_FILE = rawggammers/Info.plist;
				INFOPLIST_KEY_UIApplicationSceneManifest_Generation = YES;
				INFOPLIST_KEY_UIApplicationSupportsIndirectInputEvents = YES;
				INFOPLIST_KEY_UILaunchScreen_Generation = YES;
				INFOPLIST_KEY_UISupportedInterfaceOrientations_iPad = "UIInterfaceOrientationPortrait UIInterfaceOrientationPortraitUpsideDown UIInterfaceOrientationLandscapeLeft UIInterfaceOrientationLandscapeRight";
				INFOPLIST_KEY_UISupportedInterfaceOrientations_iPhone = "UIInterfaceOrientationPortrait UIInterfaceOrientationLandscapeLeft UIInterfaceOrientationLandscapeRight";
				LD_RUNPATH_SEARCH_PATHS = (
					"$(inherited)",
					"@executable_path/Frameworks",
				);
				MARKETING_VERSION = 1.0;
				PRODUCT_BUNDLE_IDENTIFIER = com.rawggammers.ademola;
				PRODUCT_NAME = "$(TARGET_NAME)";
				SWIFT_EMIT_LOC_STRINGS = YES;
				SWIFT_VERSION = 5.0;
				TARGETED_DEVICE_FAMILY = "1,2";
			};
			name = Debug;
		};
		8084DBFF2C4C13F7006160F9 /* Release */ = {
			isa = XCBuildConfiguration;
			buildSettings = {
				ASSETCATALOG_COMPILER_APPICON_NAME = AppIcon;
				ASSETCATALOG_COMPILER_GLOBAL_ACCENT_COLOR_NAME = AccentColor;
				CODE_SIGN_ENTITLEMENTS = rawggammers/rawggammers.entitlements;
				CODE_SIGN_STYLE = Automatic;
				CURRENT_PROJECT_VERSION = 1;
				DEVELOPMENT_ASSET_PATHS = "\"rawggammers/Preview Content\"";
				DEVELOPMENT_TEAM = 47S9AJ962P;
				ENABLE_PREVIEWS = YES;
				GENERATE_INFOPLIST_FILE = YES;
				INFOPLIST_FILE = rawggammers/Info.plist;
				INFOPLIST_KEY_UIApplicationSceneManifest_Generation = YES;
				INFOPLIST_KEY_UIApplicationSupportsIndirectInputEvents = YES;
				INFOPLIST_KEY_UILaunchScreen_Generation = YES;
				INFOPLIST_KEY_UISupportedInterfaceOrientations_iPad = "UIInterfaceOrientationPortrait UIInterfaceOrientationPortraitUpsideDown UIInterfaceOrientationLandscapeLeft UIInterfaceOrientationLandscapeRight";
				INFOPLIST_KEY_UISupportedInterfaceOrientations_iPhone = "UIInterfaceOrientationPortrait UIInterfaceOrientationLandscapeLeft UIInterfaceOrientationLandscapeRight";
				LD_RUNPATH_SEARCH_PATHS = (
					"$(inherited)",
					"@executable_path/Frameworks",
				);
				MARKETING_VERSION = 1.0;
				PRODUCT_BUNDLE_IDENTIFIER = com.rawggammers.ademola;
				PRODUCT_NAME = "$(TARGET_NAME)";
				SWIFT_EMIT_LOC_STRINGS = YES;
				SWIFT_VERSION = 5.0;
				TARGETED_DEVICE_FAMILY = "1,2";
			};
			name = Release;
		};
/* End XCBuildConfiguration section */

/* Begin XCConfigurationList section */
		8084DBEA2C4C13F5006160F9 /* Build configuration list for PBXProject "rawggammers" */ = {
			isa = XCConfigurationList;
			buildConfigurations = (
				8084DBFB2C4C13F7006160F9 /* Debug */,
				8084DBFC2C4C13F7006160F9 /* Release */,
			);
			defaultConfigurationIsVisible = 0;
			defaultConfigurationName = Release;
		};
		8084DBFD2C4C13F7006160F9 /* Build configuration list for PBXNativeTarget "rawggammers" */ = {
			isa = XCConfigurationList;
			buildConfigurations = (
				8084DBFE2C4C13F7006160F9 /* Debug */,
				8084DBFF2C4C13F7006160F9 /* Release */,
			);
			defaultConfigurationIsVisible = 0;
			defaultConfigurationName = Release;
		};
/* End XCConfigurationList section */

/* Begin XCRemoteSwiftPackageReference section */
		80BC16842C501F3200533E84 /* XCRemoteSwiftPackageReference "GoogleSignIn-iOS" */ = {
			isa = XCRemoteSwiftPackageReference;
			repositoryURL = "https://github.com/google/GoogleSignIn-iOS";
			requirement = {
				kind = upToNextMajorVersion;
				minimumVersion = 7.1.0;
			};
		};
		80BC168E2C507F6500533E84 /* XCRemoteSwiftPackageReference "firebase-ios-sdk" */ = {
			isa = XCRemoteSwiftPackageReference;
			repositoryURL = "https://github.com/firebase/firebase-ios-sdk.git";
			requirement = {
				kind = upToNextMajorVersion;
				minimumVersion = 10.29.0;
			};
		};
/* End XCRemoteSwiftPackageReference section */

/* Begin XCSwiftPackageProductDependency section */
		80BC16852C501F3300533E84 /* GoogleSignIn */ = {
			isa = XCSwiftPackageProductDependency;
			package = 80BC16842C501F3200533E84 /* XCRemoteSwiftPackageReference "GoogleSignIn-iOS" */;
			productName = GoogleSignIn;
		};
		80BC16872C501F3300533E84 /* GoogleSignInSwift */ = {
			isa = XCSwiftPackageProductDependency;
			package = 80BC16842C501F3200533E84 /* XCRemoteSwiftPackageReference "GoogleSignIn-iOS" */;
			productName = GoogleSignInSwift;
		};
		80BC168F2C507F6500533E84 /* FirebaseAnalytics */ = {
			isa = XCSwiftPackageProductDependency;
			package = 80BC168E2C507F6500533E84 /* XCRemoteSwiftPackageReference "firebase-ios-sdk" */;
			productName = FirebaseAnalytics;
		};
		80BC16912C507F6500533E84 /* FirebaseAnalyticsOnDeviceConversion */ = {
			isa = XCSwiftPackageProductDependency;
			package = 80BC168E2C507F6500533E84 /* XCRemoteSwiftPackageReference "firebase-ios-sdk" */;
			productName = FirebaseAnalyticsOnDeviceConversion;
		};
		80BC16932C507F6500533E84 /* FirebaseAnalyticsSwift */ = {
			isa = XCSwiftPackageProductDependency;
			package = 80BC168E2C507F6500533E84 /* XCRemoteSwiftPackageReference "firebase-ios-sdk" */;
			productName = FirebaseAnalyticsSwift;
		};
		80BC16952C507F6500533E84 /* FirebaseAnalyticsWithoutAdIdSupport */ = {
			isa = XCSwiftPackageProductDependency;
			package = 80BC168E2C507F6500533E84 /* XCRemoteSwiftPackageReference "firebase-ios-sdk" */;
			productName = FirebaseAnalyticsWithoutAdIdSupport;
		};
		80BC16972C507F6500533E84 /* FirebaseAppCheck */ = {
			isa = XCSwiftPackageProductDependency;
			package = 80BC168E2C507F6500533E84 /* XCRemoteSwiftPackageReference "firebase-ios-sdk" */;
			productName = FirebaseAppCheck;
		};
		80BC16992C507F6500533E84 /* FirebaseAppDistribution-Beta */ = {
			isa = XCSwiftPackageProductDependency;
			package = 80BC168E2C507F6500533E84 /* XCRemoteSwiftPackageReference "firebase-ios-sdk" */;
			productName = "FirebaseAppDistribution-Beta";
		};
		80BC169B2C507F6500533E84 /* FirebaseAuth */ = {
			isa = XCSwiftPackageProductDependency;
			package = 80BC168E2C507F6500533E84 /* XCRemoteSwiftPackageReference "firebase-ios-sdk" */;
			productName = FirebaseAuth;
		};
		80BC169D2C507F6500533E84 /* FirebaseAuthCombine-Community */ = {
			isa = XCSwiftPackageProductDependency;
			package = 80BC168E2C507F6500533E84 /* XCRemoteSwiftPackageReference "firebase-ios-sdk" */;
			productName = "FirebaseAuthCombine-Community";
		};
		80BC169F2C507F6500533E84 /* FirebaseDatabase */ = {
			isa = XCSwiftPackageProductDependency;
			package = 80BC168E2C507F6500533E84 /* XCRemoteSwiftPackageReference "firebase-ios-sdk" */;
			productName = FirebaseDatabase;
		};
		80BC16A12C507F6500533E84 /* FirebaseDatabaseSwift */ = {
			isa = XCSwiftPackageProductDependency;
			package = 80BC168E2C507F6500533E84 /* XCRemoteSwiftPackageReference "firebase-ios-sdk" */;
			productName = FirebaseDatabaseSwift;
		};
		80BC16A32C507F6500533E84 /* FirebaseDynamicLinks */ = {
			isa = XCSwiftPackageProductDependency;
			package = 80BC168E2C507F6500533E84 /* XCRemoteSwiftPackageReference "firebase-ios-sdk" */;
			productName = FirebaseDynamicLinks;
		};
		80BC16A52C507F6500533E84 /* FirebaseFirestore */ = {
			isa = XCSwiftPackageProductDependency;
			package = 80BC168E2C507F6500533E84 /* XCRemoteSwiftPackageReference "firebase-ios-sdk" */;
			productName = FirebaseFirestore;
		};
		80BC16A72C507F6500533E84 /* FirebaseFirestoreCombine-Community */ = {
			isa = XCSwiftPackageProductDependency;
			package = 80BC168E2C507F6500533E84 /* XCRemoteSwiftPackageReference "firebase-ios-sdk" */;
			productName = "FirebaseFirestoreCombine-Community";
		};
		80BC16A92C507F6500533E84 /* FirebaseStorageCombine-Community */ = {
			isa = XCSwiftPackageProductDependency;
			package = 80BC168E2C507F6500533E84 /* XCRemoteSwiftPackageReference "firebase-ios-sdk" */;
			productName = "FirebaseStorageCombine-Community";
		};
		80BC16AB2C507F6500533E84 /* FirebaseVertexAI-Preview */ = {
			isa = XCSwiftPackageProductDependency;
			package = 80BC168E2C507F6500533E84 /* XCRemoteSwiftPackageReference "firebase-ios-sdk" */;
			productName = "FirebaseVertexAI-Preview";
		};
/* End XCSwiftPackageProductDependency section */
	};
	rootObject = 8084DBE72C4C13F5006160F9 /* Project object */;
}
